// !$*UTF8*$!
{
	archiveVersion = 1;
	classes = {
	};
	objectVersion = 56;
	objects = {

/* Begin PBXBuildFile section */
		8C171D64294A622400A059F7 /* CountdownsApp.swift in Sources */ = {isa = PBXBuildFile; fileRef = 8C171D63294A622400A059F7 /* CountdownsApp.swift */; };
		8C171D66294A622400A059F7 /* ContentView.swift in Sources */ = {isa = PBXBuildFile; fileRef = 8C171D65294A622400A059F7 /* ContentView.swift */; };
		8C171D68294A622600A059F7 /* Assets.xcassets in Resources */ = {isa = PBXBuildFile; fileRef = 8C171D67294A622600A059F7 /* Assets.xcassets */; };
		8C171D6B294A622600A059F7 /* Preview Assets.xcassets in Resources */ = {isa = PBXBuildFile; fileRef = 8C171D6A294A622600A059F7 /* Preview Assets.xcassets */; };
		8C171D72294B61EA00A059F7 /* CountdownDetail.swift in Sources */ = {isa = PBXBuildFile; fileRef = 8C171D71294B61EA00A059F7 /* CountdownDetail.swift */; };
		8C171D74294B628700A059F7 /* CountdownList.swift in Sources */ = {isa = PBXBuildFile; fileRef = 8C171D73294B628700A059F7 /* CountdownList.swift */; };
		8C171D76294B62C500A059F7 /* CountdownEditor.swift in Sources */ = {isa = PBXBuildFile; fileRef = 8C171D75294B62C500A059F7 /* CountdownEditor.swift */; };
		8C171D78294B62F800A059F7 /* CountdownUpsell.swift in Sources */ = {isa = PBXBuildFile; fileRef = 8C171D77294B62F800A059F7 /* CountdownUpsell.swift */; };
		8C9F0878294BAB6700246066 /* CountdownSubscription.swift in Sources */ = {isa = PBXBuildFile; fileRef = 8C9F0877294BAB6700246066 /* CountdownSubscription.swift */; };
		8C9F088C294BD79700246066 /* Poppins-Bold.ttf in Resources */ = {isa = PBXBuildFile; fileRef = 8C9F087A294BD79500246066 /* Poppins-Bold.ttf */; };
		8C9F088D294BD79700246066 /* Poppins-LightItalic.ttf in Resources */ = {isa = PBXBuildFile; fileRef = 8C9F087B294BD79500246066 /* Poppins-LightItalic.ttf */; };
		8C9F088E294BD79700246066 /* Poppins-ExtraBold.ttf in Resources */ = {isa = PBXBuildFile; fileRef = 8C9F087C294BD79500246066 /* Poppins-ExtraBold.ttf */; };
		8C9F088F294BD79700246066 /* Poppins-Regular.ttf in Resources */ = {isa = PBXBuildFile; fileRef = 8C9F087D294BD79500246066 /* Poppins-Regular.ttf */; };
		8C9F0890294BD79700246066 /* Poppins-Thin.ttf in Resources */ = {isa = PBXBuildFile; fileRef = 8C9F087E294BD79500246066 /* Poppins-Thin.ttf */; };
		8C9F0891294BD79700246066 /* Poppins-BlackItalic.ttf in Resources */ = {isa = PBXBuildFile; fileRef = 8C9F087F294BD79600246066 /* Poppins-BlackItalic.ttf */; };
		8C9F0892294BD79700246066 /* Poppins-SemiBoldItalic.ttf in Resources */ = {isa = PBXBuildFile; fileRef = 8C9F0880294BD79600246066 /* Poppins-SemiBoldItalic.ttf */; };
		8C9F0893294BD79700246066 /* Poppins-BoldItalic.ttf in Resources */ = {isa = PBXBuildFile; fileRef = 8C9F0881294BD79600246066 /* Poppins-BoldItalic.ttf */; };
		8C9F0894294BD79700246066 /* Poppins-MediumItalic.ttf in Resources */ = {isa = PBXBuildFile; fileRef = 8C9F0882294BD79600246066 /* Poppins-MediumItalic.ttf */; };
		8C9F0895294BD79700246066 /* Poppins-ExtraLight.ttf in Resources */ = {isa = PBXBuildFile; fileRef = 8C9F0883294BD79600246066 /* Poppins-ExtraLight.ttf */; };
		8C9F0896294BD79700246066 /* Poppins-Medium.ttf in Resources */ = {isa = PBXBuildFile; fileRef = 8C9F0884294BD79600246066 /* Poppins-Medium.ttf */; };
		8C9F0897294BD79700246066 /* Poppins-Italic.ttf in Resources */ = {isa = PBXBuildFile; fileRef = 8C9F0885294BD79600246066 /* Poppins-Italic.ttf */; };
		8C9F0898294BD79700246066 /* Poppins-Light.ttf in Resources */ = {isa = PBXBuildFile; fileRef = 8C9F0886294BD79700246066 /* Poppins-Light.ttf */; };
		8C9F0899294BD79700246066 /* Poppins-Black.ttf in Resources */ = {isa = PBXBuildFile; fileRef = 8C9F0887294BD79700246066 /* Poppins-Black.ttf */; };
		8C9F089A294BD79700246066 /* Poppins-ExtraLightItalic.ttf in Resources */ = {isa = PBXBuildFile; fileRef = 8C9F0888294BD79700246066 /* Poppins-ExtraLightItalic.ttf */; };
		8C9F089B294BD79700246066 /* Poppins-ExtraBoldItalic.ttf in Resources */ = {isa = PBXBuildFile; fileRef = 8C9F0889294BD79700246066 /* Poppins-ExtraBoldItalic.ttf */; };
		8C9F089C294BD79700246066 /* Poppins-SemiBold.ttf in Resources */ = {isa = PBXBuildFile; fileRef = 8C9F088A294BD79700246066 /* Poppins-SemiBold.ttf */; };
		8C9F089D294BD79700246066 /* Poppins-ThinItalic.ttf in Resources */ = {isa = PBXBuildFile; fileRef = 8C9F088B294BD79700246066 /* Poppins-ThinItalic.ttf */; };
		8C9F08A6294C18DA00246066 /* WidgetKit.framework in Frameworks */ = {isa = PBXBuildFile; fileRef = 8C9F08A5294C18DA00246066 /* WidgetKit.framework */; };
		8C9F08A8294C18DA00246066 /* SwiftUI.framework in Frameworks */ = {isa = PBXBuildFile; fileRef = 8C9F08A7294C18DA00246066 /* SwiftUI.framework */; };
		8C9F08AB294C18DA00246066 /* CountdownWidgetBundle.swift in Sources */ = {isa = PBXBuildFile; fileRef = 8C9F08AA294C18DA00246066 /* CountdownWidgetBundle.swift */; };
		8C9F08AD294C18DA00246066 /* CountdownWidget.swift in Sources */ = {isa = PBXBuildFile; fileRef = 8C9F08AC294C18DA00246066 /* CountdownWidget.swift */; };
		8C9F08AF294C18DC00246066 /* Assets.xcassets in Resources */ = {isa = PBXBuildFile; fileRef = 8C9F08AE294C18DC00246066 /* Assets.xcassets */; };
		8C9F08B3294C18DC00246066 /* CountdownWidgetExtension.appex in Embed Foundation Extensions */ = {isa = PBXBuildFile; fileRef = 8C9F08A3294C18DA00246066 /* CountdownWidgetExtension.appex */; settings = {ATTRIBUTES = (RemoveHeadersOnCopy, ); }; };
		8C9F08B8294C1A0600246066 /* CountdownUpsell.swift in Sources */ = {isa = PBXBuildFile; fileRef = 8C171D77294B62F800A059F7 /* CountdownUpsell.swift */; };
		8C9F08B9294C1A6500246066 /* Poppins-SemiBold.ttf in Resources */ = {isa = PBXBuildFile; fileRef = 8C9F088A294BD79700246066 /* Poppins-SemiBold.ttf */; };
		8C9F08BA294C1A6500246066 /* Poppins-SemiBoldItalic.ttf in Resources */ = {isa = PBXBuildFile; fileRef = 8C9F0880294BD79600246066 /* Poppins-SemiBoldItalic.ttf */; };
		8C9F08BB294C1A6500246066 /* Poppins-ExtraLight.ttf in Resources */ = {isa = PBXBuildFile; fileRef = 8C9F0883294BD79600246066 /* Poppins-ExtraLight.ttf */; };
		8C9F08BC294C1A6500246066 /* Poppins-Medium.ttf in Resources */ = {isa = PBXBuildFile; fileRef = 8C9F0884294BD79600246066 /* Poppins-Medium.ttf */; };
		8C9F08BD294C1A6500246066 /* Poppins-ExtraLightItalic.ttf in Resources */ = {isa = PBXBuildFile; fileRef = 8C9F0888294BD79700246066 /* Poppins-ExtraLightItalic.ttf */; };
		8C9F08BE294C1A6500246066 /* Poppins-LightItalic.ttf in Resources */ = {isa = PBXBuildFile; fileRef = 8C9F087B294BD79500246066 /* Poppins-LightItalic.ttf */; };
		8C9F08BF294C1A6500246066 /* Poppins-ExtraBoldItalic.ttf in Resources */ = {isa = PBXBuildFile; fileRef = 8C9F0889294BD79700246066 /* Poppins-ExtraBoldItalic.ttf */; };
		8C9F08C0294C1A6500246066 /* Poppins-Thin.ttf in Resources */ = {isa = PBXBuildFile; fileRef = 8C9F087E294BD79500246066 /* Poppins-Thin.ttf */; };
		8C9F08C1294C1A6500246066 /* Poppins-Italic.ttf in Resources */ = {isa = PBXBuildFile; fileRef = 8C9F0885294BD79600246066 /* Poppins-Italic.ttf */; };
		8C9F08C2294C1A6500246066 /* Poppins-BlackItalic.ttf in Resources */ = {isa = PBXBuildFile; fileRef = 8C9F087F294BD79600246066 /* Poppins-BlackItalic.ttf */; };
		8C9F08C3294C1A6500246066 /* Poppins-Bold.ttf in Resources */ = {isa = PBXBuildFile; fileRef = 8C9F087A294BD79500246066 /* Poppins-Bold.ttf */; };
		8C9F08C4294C1A6500246066 /* Poppins-ExtraBold.ttf in Resources */ = {isa = PBXBuildFile; fileRef = 8C9F087C294BD79500246066 /* Poppins-ExtraBold.ttf */; };
		8C9F08C5294C1A6500246066 /* Poppins-BoldItalic.ttf in Resources */ = {isa = PBXBuildFile; fileRef = 8C9F0881294BD79600246066 /* Poppins-BoldItalic.ttf */; };
		8C9F08C6294C1A6500246066 /* Poppins-Light.ttf in Resources */ = {isa = PBXBuildFile; fileRef = 8C9F0886294BD79700246066 /* Poppins-Light.ttf */; };
		8C9F08C7294C1A6500246066 /* Poppins-Black.ttf in Resources */ = {isa = PBXBuildFile; fileRef = 8C9F0887294BD79700246066 /* Poppins-Black.ttf */; };
		8C9F08C8294C1A6500246066 /* Poppins-MediumItalic.ttf in Resources */ = {isa = PBXBuildFile; fileRef = 8C9F0882294BD79600246066 /* Poppins-MediumItalic.ttf */; };
		8C9F08C9294C1A6500246066 /* Poppins-Regular.ttf in Resources */ = {isa = PBXBuildFile; fileRef = 8C9F087D294BD79500246066 /* Poppins-Regular.ttf */; };
		8C9F08CA294C1A6500246066 /* Poppins-ThinItalic.ttf in Resources */ = {isa = PBXBuildFile; fileRef = 8C9F088B294BD79700246066 /* Poppins-ThinItalic.ttf */; };
		8C9F08CC294C1F9500246066 /* CountdownWidget2.swift in Sources */ = {isa = PBXBuildFile; fileRef = 8C9F08CB294C1F9500246066 /* CountdownWidget2.swift */; };
		8C9F08CE294C241700246066 /* CountdownWidget3.swift in Sources */ = {isa = PBXBuildFile; fileRef = 8C9F08CD294C241700246066 /* CountdownWidget3.swift */; };
		8C9F08D0294D033200246066 /* CountdownDetailYellow.swift in Sources */ = {isa = PBXBuildFile; fileRef = 8C9F08CF294D033200246066 /* CountdownDetailYellow.swift */; };
/* End PBXBuildFile section */

/* Begin PBXContainerItemProxy section */
		8C9F08B1294C18DC00246066 /* PBXContainerItemProxy */ = {
			isa = PBXContainerItemProxy;
			containerPortal = 8C171D58294A622400A059F7 /* Project object */;
			proxyType = 1;
			remoteGlobalIDString = 8C9F08A2294C18DA00246066;
			remoteInfo = CountdownWidgetExtension;
		};
/* End PBXContainerItemProxy section */

/* Begin PBXCopyFilesBuildPhase section */
		8C9F08B7294C18DC00246066 /* Embed Foundation Extensions */ = {
			isa = PBXCopyFilesBuildPhase;
			buildActionMask = 2147483647;
			dstPath = "";
			dstSubfolderSpec = 13;
			files = (
				8C9F08B3294C18DC00246066 /* CountdownWidgetExtension.appex in Embed Foundation Extensions */,
			);
			name = "Embed Foundation Extensions";
			runOnlyForDeploymentPostprocessing = 0;
		};
/* End PBXCopyFilesBuildPhase section */

/* Begin PBXFileReference section */
		8C171D60294A622400A059F7 /* Countdowns.app */ = {isa = PBXFileReference; explicitFileType = wrapper.application; includeInIndex = 0; path = Countdowns.app; sourceTree = BUILT_PRODUCTS_DIR; };
		8C171D63294A622400A059F7 /* CountdownsApp.swift */ = {isa = PBXFileReference; lastKnownFileType = sourcecode.swift; path = CountdownsApp.swift; sourceTree = "<group>"; };
		8C171D65294A622400A059F7 /* ContentView.swift */ = {isa = PBXFileReference; lastKnownFileType = sourcecode.swift; path = ContentView.swift; sourceTree = "<group>"; };
		8C171D67294A622600A059F7 /* Assets.xcassets */ = {isa = PBXFileReference; lastKnownFileType = folder.assetcatalog; path = Assets.xcassets; sourceTree = "<group>"; };
		8C171D6A294A622600A059F7 /* Preview Assets.xcassets */ = {isa = PBXFileReference; lastKnownFileType = folder.assetcatalog; path = "Preview Assets.xcassets"; sourceTree = "<group>"; };
		8C171D71294B61EA00A059F7 /* CountdownDetail.swift */ = {isa = PBXFileReference; lastKnownFileType = sourcecode.swift; path = CountdownDetail.swift; sourceTree = "<group>"; };
		8C171D73294B628700A059F7 /* CountdownList.swift */ = {isa = PBXFileReference; lastKnownFileType = sourcecode.swift; path = CountdownList.swift; sourceTree = "<group>"; };
		8C171D75294B62C500A059F7 /* CountdownEditor.swift */ = {isa = PBXFileReference; lastKnownFileType = sourcecode.swift; path = CountdownEditor.swift; sourceTree = "<group>"; };
		8C171D77294B62F800A059F7 /* CountdownUpsell.swift */ = {isa = PBXFileReference; lastKnownFileType = sourcecode.swift; path = CountdownUpsell.swift; sourceTree = "<group>"; };
		8C9F0877294BAB6700246066 /* CountdownSubscription.swift */ = {isa = PBXFileReference; lastKnownFileType = sourcecode.swift; path = CountdownSubscription.swift; sourceTree = "<group>"; };
		8C9F087A294BD79500246066 /* Poppins-Bold.ttf */ = {isa = PBXFileReference; lastKnownFileType = file; path = "Poppins-Bold.ttf"; sourceTree = "<group>"; };
		8C9F087B294BD79500246066 /* Poppins-LightItalic.ttf */ = {isa = PBXFileReference; lastKnownFileType = file; path = "Poppins-LightItalic.ttf"; sourceTree = "<group>"; };
		8C9F087C294BD79500246066 /* Poppins-ExtraBold.ttf */ = {isa = PBXFileReference; lastKnownFileType = file; path = "Poppins-ExtraBold.ttf"; sourceTree = "<group>"; };
		8C9F087D294BD79500246066 /* Poppins-Regular.ttf */ = {isa = PBXFileReference; lastKnownFileType = file; path = "Poppins-Regular.ttf"; sourceTree = "<group>"; };
		8C9F087E294BD79500246066 /* Poppins-Thin.ttf */ = {isa = PBXFileReference; lastKnownFileType = file; path = "Poppins-Thin.ttf"; sourceTree = "<group>"; };
		8C9F087F294BD79600246066 /* Poppins-BlackItalic.ttf */ = {isa = PBXFileReference; lastKnownFileType = file; path = "Poppins-BlackItalic.ttf"; sourceTree = "<group>"; };
		8C9F0880294BD79600246066 /* Poppins-SemiBoldItalic.ttf */ = {isa = PBXFileReference; lastKnownFileType = file; path = "Poppins-SemiBoldItalic.ttf"; sourceTree = "<group>"; };
		8C9F0881294BD79600246066 /* Poppins-BoldItalic.ttf */ = {isa = PBXFileReference; lastKnownFileType = file; path = "Poppins-BoldItalic.ttf"; sourceTree = "<group>"; };
		8C9F0882294BD79600246066 /* Poppins-MediumItalic.ttf */ = {isa = PBXFileReference; lastKnownFileType = file; path = "Poppins-MediumItalic.ttf"; sourceTree = "<group>"; };
		8C9F0883294BD79600246066 /* Poppins-ExtraLight.ttf */ = {isa = PBXFileReference; lastKnownFileType = file; path = "Poppins-ExtraLight.ttf"; sourceTree = "<group>"; };
		8C9F0884294BD79600246066 /* Poppins-Medium.ttf */ = {isa = PBXFileReference; lastKnownFileType = file; path = "Poppins-Medium.ttf"; sourceTree = "<group>"; };
		8C9F0885294BD79600246066 /* Poppins-Italic.ttf */ = {isa = PBXFileReference; lastKnownFileType = file; path = "Poppins-Italic.ttf"; sourceTree = "<group>"; };
		8C9F0886294BD79700246066 /* Poppins-Light.ttf */ = {isa = PBXFileReference; lastKnownFileType = file; path = "Poppins-Light.ttf"; sourceTree = "<group>"; };
		8C9F0887294BD79700246066 /* Poppins-Black.ttf */ = {isa = PBXFileReference; lastKnownFileType = file; path = "Poppins-Black.ttf"; sourceTree = "<group>"; };
		8C9F0888294BD79700246066 /* Poppins-ExtraLightItalic.ttf */ = {isa = PBXFileReference; lastKnownFileType = file; path = "Poppins-ExtraLightItalic.ttf"; sourceTree = "<group>"; };
		8C9F0889294BD79700246066 /* Poppins-ExtraBoldItalic.ttf */ = {isa = PBXFileReference; lastKnownFileType = file; path = "Poppins-ExtraBoldItalic.ttf"; sourceTree = "<group>"; };
		8C9F088A294BD79700246066 /* Poppins-SemiBold.ttf */ = {isa = PBXFileReference; lastKnownFileType = file; path = "Poppins-SemiBold.ttf"; sourceTree = "<group>"; };
		8C9F088B294BD79700246066 /* Poppins-ThinItalic.ttf */ = {isa = PBXFileReference; lastKnownFileType = file; path = "Poppins-ThinItalic.ttf"; sourceTree = "<group>"; };
		8C9F089E294BD85600246066 /* Info.plist */ = {isa = PBXFileReference; lastKnownFileType = text.plist; path = Info.plist; sourceTree = "<group>"; };
		8C9F08A3294C18DA00246066 /* CountdownWidgetExtension.appex */ = {isa = PBXFileReference; explicitFileType = "wrapper.app-extension"; includeInIndex = 0; path = CountdownWidgetExtension.appex; sourceTree = BUILT_PRODUCTS_DIR; };
		8C9F08A5294C18DA00246066 /* WidgetKit.framework */ = {isa = PBXFileReference; lastKnownFileType = wrapper.framework; name = WidgetKit.framework; path = System/Library/Frameworks/WidgetKit.framework; sourceTree = SDKROOT; };
		8C9F08A7294C18DA00246066 /* SwiftUI.framework */ = {isa = PBXFileReference; lastKnownFileType = wrapper.framework; name = SwiftUI.framework; path = System/Library/Frameworks/SwiftUI.framework; sourceTree = SDKROOT; };
		8C9F08AA294C18DA00246066 /* CountdownWidgetBundle.swift */ = {isa = PBXFileReference; lastKnownFileType = sourcecode.swift; path = CountdownWidgetBundle.swift; sourceTree = "<group>"; };
		8C9F08AC294C18DA00246066 /* CountdownWidget.swift */ = {isa = PBXFileReference; lastKnownFileType = sourcecode.swift; path = CountdownWidget.swift; sourceTree = "<group>"; };
		8C9F08AE294C18DC00246066 /* Assets.xcassets */ = {isa = PBXFileReference; lastKnownFileType = folder.assetcatalog; path = Assets.xcassets; sourceTree = "<group>"; };
		8C9F08B0294C18DC00246066 /* Info.plist */ = {isa = PBXFileReference; lastKnownFileType = text.plist.xml; path = Info.plist; sourceTree = "<group>"; };
		8C9F08CB294C1F9500246066 /* CountdownWidget2.swift */ = {isa = PBXFileReference; lastKnownFileType = sourcecode.swift; path = CountdownWidget2.swift; sourceTree = "<group>"; };
		8C9F08CD294C241700246066 /* CountdownWidget3.swift */ = {isa = PBXFileReference; lastKnownFileType = sourcecode.swift; path = CountdownWidget3.swift; sourceTree = "<group>"; };
		8C9F08CF294D033200246066 /* CountdownDetailYellow.swift */ = {isa = PBXFileReference; lastKnownFileType = sourcecode.swift; path = CountdownDetailYellow.swift; sourceTree = "<group>"; };
/* End PBXFileReference section */

/* Begin PBXFrameworksBuildPhase section */
		8C171D5D294A622400A059F7 /* Frameworks */ = {
			isa = PBXFrameworksBuildPhase;
			buildActionMask = 2147483647;
			files = (
			);
			runOnlyForDeploymentPostprocessing = 0;
		};
		8C9F08A0294C18DA00246066 /* Frameworks */ = {
			isa = PBXFrameworksBuildPhase;
			buildActionMask = 2147483647;
			files = (
				8C9F08A8294C18DA00246066 /* SwiftUI.framework in Frameworks */,
				8C9F08A6294C18DA00246066 /* WidgetKit.framework in Frameworks */,
			);
			runOnlyForDeploymentPostprocessing = 0;
		};
/* End PBXFrameworksBuildPhase section */

/* Begin PBXGroup section */
		8C171D57294A622400A059F7 = {
			isa = PBXGroup;
			children = (
				8C171D62294A622400A059F7 /* Countdowns */,
				8C9F08A9294C18DA00246066 /* CountdownWidget */,
				8C9F08A4294C18DA00246066 /* Frameworks */,
				8C171D61294A622400A059F7 /* Products */,
			);
			sourceTree = "<group>";
		};
		8C171D61294A622400A059F7 /* Products */ = {
			isa = PBXGroup;
			children = (
				8C171D60294A622400A059F7 /* Countdowns.app */,
				8C9F08A3294C18DA00246066 /* CountdownWidgetExtension.appex */,
			);
			name = Products;
			sourceTree = "<group>";
		};
		8C171D62294A622400A059F7 /* Countdowns */ = {
			isa = PBXGroup;
			children = (
				8C9F089E294BD85600246066 /* Info.plist */,
				8C171D63294A622400A059F7 /* CountdownsApp.swift */,
				8C171D65294A622400A059F7 /* ContentView.swift */,
				8C171D73294B628700A059F7 /* CountdownList.swift */,
				8C171D71294B61EA00A059F7 /* CountdownDetail.swift */,
				8C9F08CF294D033200246066 /* CountdownDetailYellow.swift */,
				8C171D75294B62C500A059F7 /* CountdownEditor.swift */,
				8C171D77294B62F800A059F7 /* CountdownUpsell.swift */,
				8C9F0877294BAB6700246066 /* CountdownSubscription.swift */,
				8C9F0879294BD77400246066 /* fonts */,
				8C171D67294A622600A059F7 /* Assets.xcassets */,
				8C171D69294A622600A059F7 /* Preview Content */,
			);
			path = Countdowns;
			sourceTree = "<group>";
		};
		8C171D69294A622600A059F7 /* Preview Content */ = {
			isa = PBXGroup;
			children = (
				8C171D6A294A622600A059F7 /* Preview Assets.xcassets */,
			);
			path = "Preview Content";
			sourceTree = "<group>";
		};
		8C9F0879294BD77400246066 /* fonts */ = {
			isa = PBXGroup;
			children = (
				8C9F0887294BD79700246066 /* Poppins-Black.ttf */,
				8C9F087F294BD79600246066 /* Poppins-BlackItalic.ttf */,
				8C9F087A294BD79500246066 /* Poppins-Bold.ttf */,
				8C9F0881294BD79600246066 /* Poppins-BoldItalic.ttf */,
				8C9F087C294BD79500246066 /* Poppins-ExtraBold.ttf */,
				8C9F0889294BD79700246066 /* Poppins-ExtraBoldItalic.ttf */,
				8C9F0883294BD79600246066 /* Poppins-ExtraLight.ttf */,
				8C9F0888294BD79700246066 /* Poppins-ExtraLightItalic.ttf */,
				8C9F0885294BD79600246066 /* Poppins-Italic.ttf */,
				8C9F0886294BD79700246066 /* Poppins-Light.ttf */,
				8C9F087B294BD79500246066 /* Poppins-LightItalic.ttf */,
				8C9F0884294BD79600246066 /* Poppins-Medium.ttf */,
				8C9F0882294BD79600246066 /* Poppins-MediumItalic.ttf */,
				8C9F087D294BD79500246066 /* Poppins-Regular.ttf */,
				8C9F088A294BD79700246066 /* Poppins-SemiBold.ttf */,
				8C9F0880294BD79600246066 /* Poppins-SemiBoldItalic.ttf */,
				8C9F087E294BD79500246066 /* Poppins-Thin.ttf */,
				8C9F088B294BD79700246066 /* Poppins-ThinItalic.ttf */,
			);
			path = fonts;
			sourceTree = "<group>";
		};
		8C9F08A4294C18DA00246066 /* Frameworks */ = {
			isa = PBXGroup;
			children = (
				8C9F08A5294C18DA00246066 /* WidgetKit.framework */,
				8C9F08A7294C18DA00246066 /* SwiftUI.framework */,
			);
			name = Frameworks;
			sourceTree = "<group>";
		};
		8C9F08A9294C18DA00246066 /* CountdownWidget */ = {
			isa = PBXGroup;
			children = (
				8C9F08AA294C18DA00246066 /* CountdownWidgetBundle.swift */,
				8C9F08AC294C18DA00246066 /* CountdownWidget.swift */,
				8C9F08CB294C1F9500246066 /* CountdownWidget2.swift */,
				8C9F08CD294C241700246066 /* CountdownWidget3.swift */,
				8C9F08AE294C18DC00246066 /* Assets.xcassets */,
				8C9F08B0294C18DC00246066 /* Info.plist */,
			);
			path = CountdownWidget;
			sourceTree = "<group>";
		};
/* End PBXGroup section */

/* Begin PBXNativeTarget section */
		8C171D5F294A622400A059F7 /* Countdowns */ = {
			isa = PBXNativeTarget;
			buildConfigurationList = 8C171D6E294A622600A059F7 /* Build configuration list for PBXNativeTarget "Countdowns" */;
			buildPhases = (
				8C171D5C294A622400A059F7 /* Sources */,
				8C171D5D294A622400A059F7 /* Frameworks */,
				8C171D5E294A622400A059F7 /* Resources */,
				8C9F08B7294C18DC00246066 /* Embed Foundation Extensions */,
			);
			buildRules = (
			);
			dependencies = (
				8C9F08B2294C18DC00246066 /* PBXTargetDependency */,
			);
			name = Countdowns;
			productName = FreelanceCountdowns;
			productReference = 8C171D60294A622400A059F7 /* Countdowns.app */;
			productType = "com.apple.product-type.application";
		};
		8C9F08A2294C18DA00246066 /* CountdownWidgetExtension */ = {
			isa = PBXNativeTarget;
			buildConfigurationList = 8C9F08B4294C18DC00246066 /* Build configuration list for PBXNativeTarget "CountdownWidgetExtension" */;
			buildPhases = (
				8C9F089F294C18DA00246066 /* Sources */,
				8C9F08A0294C18DA00246066 /* Frameworks */,
				8C9F08A1294C18DA00246066 /* Resources */,
			);
			buildRules = (
			);
			dependencies = (
			);
			name = CountdownWidgetExtension;
			productName = CountdownWidgetExtension;
			productReference = 8C9F08A3294C18DA00246066 /* CountdownWidgetExtension.appex */;
			productType = "com.apple.product-type.app-extension";
		};
/* End PBXNativeTarget section */

/* Begin PBXProject section */
		8C171D58294A622400A059F7 /* Project object */ = {
			isa = PBXProject;
			attributes = {
				BuildIndependentTargetsInParallel = 1;
				LastSwiftUpdateCheck = 1420;
				LastUpgradeCheck = 1420;
				TargetAttributes = {
					8C171D5F294A622400A059F7 = {
						CreatedOnToolsVersion = 14.2;
					};
					8C9F08A2294C18DA00246066 = {
						CreatedOnToolsVersion = 14.2;
					};
				};
			};
			buildConfigurationList = 8C171D5B294A622400A059F7 /* Build configuration list for PBXProject "Countdowns" */;
			compatibilityVersion = "Xcode 14.0";
			developmentRegion = en;
			hasScannedForEncodings = 0;
			knownRegions = (
				en,
				Base,
			);
			mainGroup = 8C171D57294A622400A059F7;
			productRefGroup = 8C171D61294A622400A059F7 /* Products */;
			projectDirPath = "";
			projectRoot = "";
			targets = (
				8C171D5F294A622400A059F7 /* Countdowns */,
				8C9F08A2294C18DA00246066 /* CountdownWidgetExtension */,
			);
		};
/* End PBXProject section */

/* Begin PBXResourcesBuildPhase section */
		8C171D5E294A622400A059F7 /* Resources */ = {
			isa = PBXResourcesBuildPhase;
			buildActionMask = 2147483647;
			files = (
				8C9F0899294BD79700246066 /* Poppins-Black.ttf in Resources */,
				8C9F0895294BD79700246066 /* Poppins-ExtraLight.ttf in Resources */,
				8C9F0898294BD79700246066 /* Poppins-Light.ttf in Resources */,
				8C171D6B294A622600A059F7 /* Preview Assets.xcassets in Resources */,
				8C9F089A294BD79700246066 /* Poppins-ExtraLightItalic.ttf in Resources */,
				8C9F089C294BD79700246066 /* Poppins-SemiBold.ttf in Resources */,
				8C9F0897294BD79700246066 /* Poppins-Italic.ttf in Resources */,
				8C9F0894294BD79700246066 /* Poppins-MediumItalic.ttf in Resources */,
				8C9F0896294BD79700246066 /* Poppins-Medium.ttf in Resources */,
				8C9F0890294BD79700246066 /* Poppins-Thin.ttf in Resources */,
				8C9F088E294BD79700246066 /* Poppins-ExtraBold.ttf in Resources */,
				8C9F088C294BD79700246066 /* Poppins-Bold.ttf in Resources */,
				8C9F0891294BD79700246066 /* Poppins-BlackItalic.ttf in Resources */,
				8C9F089B294BD79700246066 /* Poppins-ExtraBoldItalic.ttf in Resources */,
				8C9F0892294BD79700246066 /* Poppins-SemiBoldItalic.ttf in Resources */,
				8C9F088F294BD79700246066 /* Poppins-Regular.ttf in Resources */,
				8C171D68294A622600A059F7 /* Assets.xcassets in Resources */,
				8C9F089D294BD79700246066 /* Poppins-ThinItalic.ttf in Resources */,
				8C9F088D294BD79700246066 /* Poppins-LightItalic.ttf in Resources */,
				8C9F0893294BD79700246066 /* Poppins-BoldItalic.ttf in Resources */,
			);
			runOnlyForDeploymentPostprocessing = 0;
		};
		8C9F08A1294C18DA00246066 /* Resources */ = {
			isa = PBXResourcesBuildPhase;
			buildActionMask = 2147483647;
			files = (
				8C9F08C7294C1A6500246066 /* Poppins-Black.ttf in Resources */,
				8C9F08BF294C1A6500246066 /* Poppins-ExtraBoldItalic.ttf in Resources */,
				8C9F08C6294C1A6500246066 /* Poppins-Light.ttf in Resources */,
				8C9F08C9294C1A6500246066 /* Poppins-Regular.ttf in Resources */,
				8C9F08BD294C1A6500246066 /* Poppins-ExtraLightItalic.ttf in Resources */,
				8C9F08BB294C1A6500246066 /* Poppins-ExtraLight.ttf in Resources */,
				8C9F08C0294C1A6500246066 /* Poppins-Thin.ttf in Resources */,
				8C9F08BE294C1A6500246066 /* Poppins-LightItalic.ttf in Resources */,
				8C9F08AF294C18DC00246066 /* Assets.xcassets in Resources */,
				8C9F08B9294C1A6500246066 /* Poppins-SemiBold.ttf in Resources */,
				8C9F08C3294C1A6500246066 /* Poppins-Bold.ttf in Resources */,
				8C9F08BA294C1A6500246066 /* Poppins-SemiBoldItalic.ttf in Resources */,
				8C9F08C8294C1A6500246066 /* Poppins-MediumItalic.ttf in Resources */,
				8C9F08C5294C1A6500246066 /* Poppins-BoldItalic.ttf in Resources */,
				8C9F08C1294C1A6500246066 /* Poppins-Italic.ttf in Resources */,
				8C9F08BC294C1A6500246066 /* Poppins-Medium.ttf in Resources */,
				8C9F08C2294C1A6500246066 /* Poppins-BlackItalic.ttf in Resources */,
				8C9F08CA294C1A6500246066 /* Poppins-ThinItalic.ttf in Resources */,
				8C9F08C4294C1A6500246066 /* Poppins-ExtraBold.ttf in Resources */,
			);
			runOnlyForDeploymentPostprocessing = 0;
		};
/* End PBXResourcesBuildPhase section */

/* Begin PBXSourcesBuildPhase section */
		8C171D5C294A622400A059F7 /* Sources */ = {
			isa = PBXSourcesBuildPhase;
			buildActionMask = 2147483647;
			files = (
				8C171D78294B62F800A059F7 /* CountdownUpsell.swift in Sources */,
				8C9F0878294BAB6700246066 /* CountdownSubscription.swift in Sources */,
				8C171D66294A622400A059F7 /* ContentView.swift in Sources */,
				8C171D72294B61EA00A059F7 /* CountdownDetail.swift in Sources */,
				8C171D64294A622400A059F7 /* CountdownsApp.swift in Sources */,
				8C171D74294B628700A059F7 /* CountdownList.swift in Sources */,
				8C9F08D0294D033200246066 /* CountdownDetailYellow.swift in Sources */,
				8C171D76294B62C500A059F7 /* CountdownEditor.swift in Sources */,
			);
			runOnlyForDeploymentPostprocessing = 0;
		};
		8C9F089F294C18DA00246066 /* Sources */ = {
			isa = PBXSourcesBuildPhase;
			buildActionMask = 2147483647;
			files = (
				8C9F08CC294C1F9500246066 /* CountdownWidget2.swift in Sources */,
				8C9F08B8294C1A0600246066 /* CountdownUpsell.swift in Sources */,
				8C9F08AB294C18DA00246066 /* CountdownWidgetBundle.swift in Sources */,
				8C9F08AD294C18DA00246066 /* CountdownWidget.swift in Sources */,
				8C9F08CE294C241700246066 /* CountdownWidget3.swift in Sources */,
			);
			runOnlyForDeploymentPostprocessing = 0;
		};
/* End PBXSourcesBuildPhase section */

/* Begin PBXTargetDependency section */
		8C9F08B2294C18DC00246066 /* PBXTargetDependency */ = {
			isa = PBXTargetDependency;
			target = 8C9F08A2294C18DA00246066 /* CountdownWidgetExtension */;
			targetProxy = 8C9F08B1294C18DC00246066 /* PBXContainerItemProxy */;
		};
/* End PBXTargetDependency section */

/* Begin XCBuildConfiguration section */
		8C171D6C294A622600A059F7 /* Debug */ = {
			isa = XCBuildConfiguration;
			buildSettings = {
				ALWAYS_SEARCH_USER_PATHS = NO;
				CLANG_ANALYZER_NONNULL = YES;
				CLANG_ANALYZER_NUMBER_OBJECT_CONVERSION = YES_AGGRESSIVE;
				CLANG_CXX_LANGUAGE_STANDARD = "gnu++20";
				CLANG_ENABLE_MODULES = YES;
				CLANG_ENABLE_OBJC_ARC = YES;
				CLANG_ENABLE_OBJC_WEAK = YES;
				CLANG_WARN_BLOCK_CAPTURE_AUTORELEASING = YES;
				CLANG_WARN_BOOL_CONVERSION = YES;
				CLANG_WARN_COMMA = YES;
				CLANG_WARN_CONSTANT_CONVERSION = YES;
				CLANG_WARN_DEPRECATED_OBJC_IMPLEMENTATIONS = YES;
				CLANG_WARN_DIRECT_OBJC_ISA_USAGE = YES_ERROR;
				CLANG_WARN_DOCUMENTATION_COMMENTS = YES;
				CLANG_WARN_EMPTY_BODY = YES;
				CLANG_WARN_ENUM_CONVERSION = YES;
				CLANG_WARN_INFINITE_RECURSION = YES;
				CLANG_WARN_INT_CONVERSION = YES;
				CLANG_WARN_NON_LITERAL_NULL_CONVERSION = YES;
				CLANG_WARN_OBJC_IMPLICIT_RETAIN_SELF = YES;
				CLANG_WARN_OBJC_LITERAL_CONVERSION = YES;
				CLANG_WARN_OBJC_ROOT_CLASS = YES_ERROR;
				CLANG_WARN_QUOTED_INCLUDE_IN_FRAMEWORK_HEADER = YES;
				CLANG_WARN_RANGE_LOOP_ANALYSIS = YES;
				CLANG_WARN_STRICT_PROTOTYPES = YES;
				CLANG_WARN_SUSPICIOUS_MOVE = YES;
				CLANG_WARN_UNGUARDED_AVAILABILITY = YES_AGGRESSIVE;
				CLANG_WARN_UNREACHABLE_CODE = YES;
				CLANG_WARN__DUPLICATE_METHOD_MATCH = YES;
				COPY_PHASE_STRIP = NO;
				DEBUG_INFORMATION_FORMAT = dwarf;
				ENABLE_STRICT_OBJC_MSGSEND = YES;
				ENABLE_TESTABILITY = YES;
				GCC_C_LANGUAGE_STANDARD = gnu11;
				GCC_DYNAMIC_NO_PIC = NO;
				GCC_NO_COMMON_BLOCKS = YES;
				GCC_OPTIMIZATION_LEVEL = 0;
				GCC_PREPROCESSOR_DEFINITIONS = (
					"DEBUG=1",
					"$(inherited)",
				);
				GCC_WARN_64_TO_32_BIT_CONVERSION = YES;
				GCC_WARN_ABOUT_RETURN_TYPE = YES_ERROR;
				GCC_WARN_UNDECLARED_SELECTOR = YES;
				GCC_WARN_UNINITIALIZED_AUTOS = YES_AGGRESSIVE;
				GCC_WARN_UNUSED_FUNCTION = YES;
				GCC_WARN_UNUSED_VARIABLE = YES;
				IPHONEOS_DEPLOYMENT_TARGET = 16.2;
				MTL_ENABLE_DEBUG_INFO = INCLUDE_SOURCE;
				MTL_FAST_MATH = YES;
				ONLY_ACTIVE_ARCH = YES;
				SDKROOT = iphoneos;
				SWIFT_ACTIVE_COMPILATION_CONDITIONS = DEBUG;
				SWIFT_OPTIMIZATION_LEVEL = "-Onone";
			};
			name = Debug;
		};
		8C171D6D294A622600A059F7 /* Release */ = {
			isa = XCBuildConfiguration;
			buildSettings = {
				ALWAYS_SEARCH_USER_PATHS = NO;
				CLANG_ANALYZER_NONNULL = YES;
				CLANG_ANALYZER_NUMBER_OBJECT_CONVERSION = YES_AGGRESSIVE;
				CLANG_CXX_LANGUAGE_STANDARD = "gnu++20";
				CLANG_ENABLE_MODULES = YES;
				CLANG_ENABLE_OBJC_ARC = YES;
				CLANG_ENABLE_OBJC_WEAK = YES;
				CLANG_WARN_BLOCK_CAPTURE_AUTORELEASING = YES;
				CLANG_WARN_BOOL_CONVERSION = YES;
				CLANG_WARN_COMMA = YES;
				CLANG_WARN_CONSTANT_CONVERSION = YES;
				CLANG_WARN_DEPRECATED_OBJC_IMPLEMENTATIONS = YES;
				CLANG_WARN_DIRECT_OBJC_ISA_USAGE = YES_ERROR;
				CLANG_WARN_DOCUMENTATION_COMMENTS = YES;
				CLANG_WARN_EMPTY_BODY = YES;
				CLANG_WARN_ENUM_CONVERSION = YES;
				CLANG_WARN_INFINITE_RECURSION = YES;
				CLANG_WARN_INT_CONVERSION = YES;
				CLANG_WARN_NON_LITERAL_NULL_CONVERSION = YES;
				CLANG_WARN_OBJC_IMPLICIT_RETAIN_SELF = YES;
				CLANG_WARN_OBJC_LITERAL_CONVERSION = YES;
				CLANG_WARN_OBJC_ROOT_CLASS = YES_ERROR;
				CLANG_WARN_QUOTED_INCLUDE_IN_FRAMEWORK_HEADER = YES;
				CLANG_WARN_RANGE_LOOP_ANALYSIS = YES;
				CLANG_WARN_STRICT_PROTOTYPES = YES;
				CLANG_WARN_SUSPICIOUS_MOVE = YES;
				CLANG_WARN_UNGUARDED_AVAILABILITY = YES_AGGRESSIVE;
				CLANG_WARN_UNREACHABLE_CODE = YES;
				CLANG_WARN__DUPLICATE_METHOD_MATCH = YES;
				COPY_PHASE_STRIP = NO;
				DEBUG_INFORMATION_FORMAT = "dwarf-with-dsym";
				ENABLE_NS_ASSERTIONS = NO;
				ENABLE_STRICT_OBJC_MSGSEND = YES;
				GCC_C_LANGUAGE_STANDARD = gnu11;
				GCC_NO_COMMON_BLOCKS = YES;
				GCC_WARN_64_TO_32_BIT_CONVERSION = YES;
				GCC_WARN_ABOUT_RETURN_TYPE = YES_ERROR;
				GCC_WARN_UNDECLARED_SELECTOR = YES;
				GCC_WARN_UNINITIALIZED_AUTOS = YES_AGGRESSIVE;
				GCC_WARN_UNUSED_FUNCTION = YES;
				GCC_WARN_UNUSED_VARIABLE = YES;
				IPHONEOS_DEPLOYMENT_TARGET = 16.2;
				MTL_ENABLE_DEBUG_INFO = NO;
				MTL_FAST_MATH = YES;
				SDKROOT = iphoneos;
				SWIFT_COMPILATION_MODE = wholemodule;
				SWIFT_OPTIMIZATION_LEVEL = "-O";
				VALIDATE_PRODUCT = YES;
			};
			name = Release;
		};
		8C171D6F294A622600A059F7 /* Debug */ = {
			isa = XCBuildConfiguration;
			buildSettings = {
				ALWAYS_EMBED_SWIFT_STANDARD_LIBRARIES = YES;
				ASSETCATALOG_COMPILER_APPICON_NAME = AppIcon;
				ASSETCATALOG_COMPILER_GLOBAL_ACCENT_COLOR_NAME = AccentColor;
				CODE_SIGN_STYLE = Automatic;
				CURRENT_PROJECT_VERSION = 1;
				DEVELOPMENT_ASSET_PATHS = "\"FreelanceCountdowns/Preview Content\"";
				DEVELOPMENT_TEAM = 74A3A8KAD9;
				ENABLE_PREVIEWS = YES;
				GENERATE_INFOPLIST_FILE = YES;
				INFOPLIST_FILE = FreelanceCountdowns/Info.plist;
				INFOPLIST_KEY_UIApplicationSceneManifest_Generation = YES;
				INFOPLIST_KEY_UIApplicationSupportsIndirectInputEvents = YES;
				INFOPLIST_KEY_UILaunchScreen_Generation = YES;
				INFOPLIST_KEY_UISupportedInterfaceOrientations_iPad = "UIInterfaceOrientationPortrait UIInterfaceOrientationPortraitUpsideDown UIInterfaceOrientationLandscapeLeft UIInterfaceOrientationLandscapeRight";
				INFOPLIST_KEY_UISupportedInterfaceOrientations_iPhone = "UIInterfaceOrientationPortrait UIInterfaceOrientationLandscapeLeft UIInterfaceOrientationLandscapeRight";
				LD_RUNPATH_SEARCH_PATHS = (
					"$(inherited)",
					"@executable_path/Frameworks",
				);
				MARKETING_VERSION = 1.0;
				PRODUCT_BUNDLE_IDENTIFIER = com.kubaszulaczkowski.Countdowns;
				PRODUCT_NAME = "$(TARGET_NAME)";
				SWIFT_EMIT_LOC_STRINGS = YES;
				SWIFT_VERSION = 5.0;
				TARGETED_DEVICE_FAMILY = "1,2";
			};
			name = Debug;
		};
		8C171D70294A622600A059F7 /* Release */ = {
			isa = XCBuildConfiguration;
			buildSettings = {
				ALWAYS_EMBED_SWIFT_STANDARD_LIBRARIES = YES;
				ASSETCATALOG_COMPILER_APPICON_NAME = AppIcon;
				ASSETCATALOG_COMPILER_GLOBAL_ACCENT_COLOR_NAME = AccentColor;
				CODE_SIGN_STYLE = Automatic;
				CURRENT_PROJECT_VERSION = 1;
				DEVELOPMENT_ASSET_PATHS = "\"FreelanceCountdowns/Preview Content\"";
				DEVELOPMENT_TEAM = 74A3A8KAD9;
				ENABLE_PREVIEWS = YES;
				GENERATE_INFOPLIST_FILE = YES;
				INFOPLIST_FILE = FreelanceCountdowns/Info.plist;
				INFOPLIST_KEY_UIApplicationSceneManifest_Generation = YES;
				INFOPLIST_KEY_UIApplicationSupportsIndirectInputEvents = YES;
				INFOPLIST_KEY_UILaunchScreen_Generation = YES;
				INFOPLIST_KEY_UISupportedInterfaceOrientations_iPad = "UIInterfaceOrientationPortrait UIInterfaceOrientationPortraitUpsideDown UIInterfaceOrientationLandscapeLeft UIInterfaceOrientationLandscapeRight";
				INFOPLIST_KEY_UISupportedInterfaceOrientations_iPhone = "UIInterfaceOrientationPortrait UIInterfaceOrientationLandscapeLeft UIInterfaceOrientationLandscapeRight";
				LD_RUNPATH_SEARCH_PATHS = (
					"$(inherited)",
					"@executable_path/Frameworks",
				);
				MARKETING_VERSION = 1.0;
				PRODUCT_BUNDLE_IDENTIFIER = com.kubaszulaczkowski.Countdowns;
				PRODUCT_NAME = "$(TARGET_NAME)";
				SWIFT_EMIT_LOC_STRINGS = YES;
				SWIFT_VERSION = 5.0;
				TARGETED_DEVICE_FAMILY = "1,2";
			};
			name = Release;
		};
		8C9F08B5294C18DC00246066 /* Debug */ = {
			isa = XCBuildConfiguration;
			buildSettings = {
				ASSETCATALOG_COMPILER_GLOBAL_ACCENT_COLOR_NAME = AccentColor;
				ASSETCATALOG_COMPILER_WIDGET_BACKGROUND_COLOR_NAME = WidgetBackground;
				CODE_SIGN_STYLE = Automatic;
				CURRENT_PROJECT_VERSION = 1;
				DEVELOPMENT_TEAM = 74A3A8KAD9;
				GENERATE_INFOPLIST_FILE = YES;
				INFOPLIST_FILE = CountdownWidget/Info.plist;
				INFOPLIST_KEY_CFBundleDisplayName = CountdownWidget;
				INFOPLIST_KEY_NSHumanReadableCopyright = "";
				LD_RUNPATH_SEARCH_PATHS = (
					"$(inherited)",
					"@executable_path/Frameworks",
					"@executable_path/../../Frameworks",
				);
				MARKETING_VERSION = 1.0;
				PRODUCT_BUNDLE_IDENTIFIER = com.kubaszulaczkowski.Countdowns.CountdownWidget;
				PRODUCT_NAME = "$(TARGET_NAME)";
				SKIP_INSTALL = YES;
				SWIFT_EMIT_LOC_STRINGS = YES;
				SWIFT_VERSION = 5.0;
				TARGETED_DEVICE_FAMILY = "1,2";
			};
			name = Debug;
		};
		8C9F08B6294C18DC00246066 /* Release */ = {
			isa = XCBuildConfiguration;
			buildSettings = {
				ASSETCATALOG_COMPILER_GLOBAL_ACCENT_COLOR_NAME = AccentColor;
				ASSETCATALOG_COMPILER_WIDGET_BACKGROUND_COLOR_NAME = WidgetBackground;
				CODE_SIGN_STYLE = Automatic;
				CURRENT_PROJECT_VERSION = 1;
				DEVELOPMENT_TEAM = 74A3A8KAD9;
				GENERATE_INFOPLIST_FILE = YES;
				INFOPLIST_FILE = CountdownWidget/Info.plist;
				INFOPLIST_KEY_CFBundleDisplayName = CountdownWidget;
				INFOPLIST_KEY_NSHumanReadableCopyright = "";
				LD_RUNPATH_SEARCH_PATHS = (
					"$(inherited)",
					"@executable_path/Frameworks",
					"@executable_path/../../Frameworks",
				);
				MARKETING_VERSION = 1.0;
				PRODUCT_BUNDLE_IDENTIFIER = com.kubaszulaczkowski.Countdowns.CountdownWidget;
				PRODUCT_NAME = "$(TARGET_NAME)";
				SKIP_INSTALL = YES;
				SWIFT_EMIT_LOC_STRINGS = YES;
				SWIFT_VERSION = 5.0;
				TARGETED_DEVICE_FAMILY = "1,2";
			};
			name = Release;
		};
/* End XCBuildConfiguration section */

/* Begin XCConfigurationList section */
		8C171D5B294A622400A059F7 /* Build configuration list for PBXProject "Countdowns" */ = {
			isa = XCConfigurationList;
			buildConfigurations = (
				8C171D6C294A622600A059F7 /* Debug */,
				8C171D6D294A622600A059F7 /* Release */,
			);
			defaultConfigurationIsVisible = 0;
			defaultConfigurationName = Release;
		};
		8C171D6E294A622600A059F7 /* Build configuration list for PBXNativeTarget "Countdowns" */ = {
			isa = XCConfigurationList;
			buildConfigurations = (
				8C171D6F294A622600A059F7 /* Debug */,
				8C171D70294A622600A059F7 /* Release */,
			);
			defaultConfigurationIsVisible = 0;
			defaultConfigurationName = Release;
		};
		8C9F08B4294C18DC00246066 /* Build configuration list for PBXNativeTarget "CountdownWidgetExtension" */ = {
			isa = XCConfigurationList;
			buildConfigurations = (
				8C9F08B5294C18DC00246066 /* Debug */,
				8C9F08B6294C18DC00246066 /* Release */,
			);
			defaultConfigurationIsVisible = 0;
			defaultConfigurationName = Release;
		};
/* End XCConfigurationList section */
	};
	rootObject = 8C171D58294A622400A059F7 /* Project object */;
}
